
Microsoft Visual Studio Solution File, Format Version 12.00
# Visual Studio Version 17
VisualStudioVersion = 17.14.37314.3 d17.14
MinimumVisualStudioVersion = 10.0.40219.1
Project("{FAE04EC0-301F-11D3-BF4B-00C04F79EFBC}") = "IronhorseInvoiceAssistant.WinForms", "IronhorseInvoiceAssistant.WinForms.csproj", "{3D1B4A76-3AC0-AC36-C6AD-2A77E5741452}"
EndProject
Global
	GlobalSection(SolutionConfigurationPlatforms) = preSolution
		Debug|Any CPU = Debug|Any CPU
		Release|Any CPU = Release|Any CPU
	EndGlobalSection
	GlobalSection(ProjectConfigurationPlatforms) = postSolution
		{3D1B4A76-3AC0-AC36-C6AD-2A77E5741452}.Debug|Any CPU.ActiveCfg = Debug|Any CPU
		{3D1B4A76-3AC0-AC36-C6AD-2A77E5741452}.Debug|Any CPU.Build.0 = Debug|Any CPU
		{3D1B4A76-3AC0-AC36-C6AD-2A77E5741452}.Release|Any CPU.ActiveCfg = Release|Any CPU
		{3D1B4A76-3AC0-AC36-C6AD-2A77E5741452}.Release|Any CPU.Build.0 = Release|Any CPU
	EndGlobalSection
	GlobalSection(SolutionProperties) = preSolution
		HideSolutionNode = FALSE
	EndGlobalSection
	GlobalSection(ExtensibilityGlobals) = postSolution
		SolutionGuid = {BED2F1AE-0906-486E-8436-92A2F0210BA8}
	EndGlobalSection
EndGlobal
